
Microsoft Visual Studio Solution File, Format Version 12.00
# Visual Studio Version 17
VisualStudioVersion = 17.5.002.0
MinimumVisualStudioVersion = 10.0.40219.1
Project("{9A19103F-16F7-4668-BE54-9A1E7A4F7556}") = "WebApiWithPrometheus", "WebApiWithPrometheus.csproj", "{A29B2DB5-04B0-4F90-B7C9-F125A55BAD09}"
EndProject
Global
	GlobalSection(SolutionConfigurationPlatforms) = preSolution
		Debug|Any CPU = Debug|Any CPU
		Release|Any CPU = Release|Any CPU
	EndGlobalSection
	GlobalSection(ProjectConfigurationPlatforms) = postSolution
		{A29B2DB5-04B0-4F90-B7C9-F125A55BAD09}.Debug|Any CPU.ActiveCfg = Debug|Any CPU
		{A29B2DB5-04B0-4F90-B7C9-F125A55BAD09}.Debug|Any CPU.Build.0 = Debug|Any CPU
		{A29B2DB5-04B0-4F90-B7C9-F125A55BAD09}.Release|Any CPU.ActiveCfg = Release|Any CPU
		{A29B2DB5-04B0-4F90-B7C9-F125A55BAD09}.Release|Any CPU.Build.0 = Release|Any CPU
	EndGlobalSection
	GlobalSection(SolutionProperties) = preSolution
		HideSolutionNode = FALSE
	EndGlobalSection
	GlobalSection(ExtensibilityGlobals) = postSolution
		SolutionGuid = {395A40C7-19BC-4C3B-9453-4E9506006D68}
	EndGlobalSection
EndGlobal
